
Microsoft Visual Studio Solution File, Format Version 12.00
# Visual Studio Version 17
VisualStudioVersion = 17.14.36401.2 d17.14
MinimumVisualStudioVersion = 10.0.40219.1
Project("{FAE04EC0-301F-11D3-BF4B-00C04F79EFBC}") = "FlightSimulator", "FlightSimulator\FlightSimulator.csproj", "{AB878B2F-B88D-4149-ADD8-9C3F409330CA}"
EndProject
Global
	GlobalSection(SolutionConfigurationPlatforms) = preSolution
		Debug|Any CPU = Debug|Any CPU
		Release|Any CPU = Release|Any CPU
	EndGlobalSection
	GlobalSection(ProjectConfigurationPlatforms) = postSolution
		{AB878B2F-B88D-4149-ADD8-9C3F409330CA}.Debug|Any CPU.ActiveCfg = Debug|Any CPU
		{AB878B2F-B88D-4149-ADD8-9C3F409330CA}.Debug|Any CPU.Build.0 = Debug|Any CPU
		{AB878B2F-B88D-4149-ADD8-9C3F409330CA}.Release|Any CPU.ActiveCfg = Release|Any CPU
		{AB878B2F-B88D-4149-ADD8-9C3F409330CA}.Release|Any CPU.Build.0 = Release|Any CPU
	EndGlobalSection
	GlobalSection(SolutionProperties) = preSolution
		HideSolutionNode = FALSE
	EndGlobalSection
	GlobalSection(ExtensibilityGlobals) = postSolution
		SolutionGuid = {94223111-DF7A-4E88-AA79-649CA3DCD82A}
	EndGlobalSection
EndGlobal
